
Microsoft Visual Studio Solution File, Format Version 12.00
# Visual Studio Version 17
VisualStudioVersion = 17.0.31903.59
MinimumVisualStudioVersion = 10.0.40219.1
Project("{2150E333-8FDC-42A3-9474-1A3956D46DE8}") = "src", "src", "{827E0CD3-B72D-47B6-A68D-7590B98EB39B}"
EndProject
Project("{2150E333-8FDC-42A3-9474-1A3956D46DE8}") = "Shared", "Shared", "{C8E42992-5E42-0C2B-DBFE-AA848D06431C}"
EndProject
Project("{FAE04EC0-301F-11D3-BF4B-00C04F79EFBC}") = "SharedKernel", "src\Shared\SharedKernel\SharedKernel.csproj", "{1C8BEDC6-C230-40BA-B1E8-F0D94C455D3E}"
EndProject
Project("{FAE04EC0-301F-11D3-BF4B-00C04F79EFBC}") = "Shared.Infrastructure", "src\Shared\Shared.Infrastructure\Shared.Infrastructure.csproj", "{B545A6C4-641B-4C42-8CFF-CCC0AF2C89A3}"
EndProject
Project("{2150E333-8FDC-42A3-9474-1A3956D46DE8}") = "Bootstrap", "Bootstrap", "{12A084A0-B93E-423A-6F6B-2DD437B5DD75}"
EndProject
Project("{FAE04EC0-301F-11D3-BF4B-00C04F79EFBC}") = "PatientManagement.Api", "src\Bootstrap\PatientManagement.Api\PatientManagement.Api.csproj", "{F4A538AC-D1C9-49A1-BA9D-B08FB82DEF72}"
EndProject
Project("{2150E333-8FDC-42A3-9474-1A3956D46DE8}") = "Modules", "Modules", "{EC447DCF-ABFA-6E24-52A5-D7FD48A5C558}"
EndProject
Project("{2150E333-8FDC-42A3-9474-1A3956D46DE8}") = "Patients", "Patients", "{397E7A55-D285-C515-153E-84DDD2B9FF92}"
EndProject
Project("{FAE04EC0-301F-11D3-BF4B-00C04F79EFBC}") = "Patients.Domain", "src\Modules\Patients\Patients.Domain\Patients.Domain.csproj", "{449199AC-0EBB-40D2-A1C1-21E73568E29E}"
EndProject
Project("{FAE04EC0-301F-11D3-BF4B-00C04F79EFBC}") = "Patients.Application", "src\Modules\Patients\Patients.Application\Patients.Application.csproj", "{4594292F-5BC5-4973-AB21-0CFE4CF15B22}"
EndProject
Project("{FAE04EC0-301F-11D3-BF4B-00C04F79EFBC}") = "Patients.Infrastructure", "src\Modules\Patients\Patients.Infrastructure\Patients.Infrastructure.csproj", "{0AB18E65-DEAD-4DC8-B658-28DF669E3F91}"
EndProject
Project("{FAE04EC0-301F-11D3-BF4B-00C04F79EFBC}") = "Patients.Presentation", "src\Modules\Patients\Patients.Presentation\Patients.Presentation.csproj", "{CE955FD1-B138-41BC-9EF1-C20F24EA9C31}"
EndProject
Project("{2150E333-8FDC-42A3-9474-1A3956D46DE8}") = "Scheduling", "Scheduling", "{F0F0C51C-F6A5-8ED5-E07B-23BB77F4B418}"
EndProject
Project("{FAE04EC0-301F-11D3-BF4B-00C04F79EFBC}") = "Scheduling.Domain", "src\Modules\Scheduling\Scheduling.Domain\Scheduling.Domain.csproj", "{D0CB0B39-4975-4A75-8BD5-3DF773EB8C7C}"
EndProject
Project("{FAE04EC0-301F-11D3-BF4B-00C04F79EFBC}") = "Scheduling.Application", "src\Modules\Scheduling\Scheduling.Application\Scheduling.Application.csproj", "{E09E5073-B2BE-4149-B390-828FEA8727D9}"
EndProject
Project("{FAE04EC0-301F-11D3-BF4B-00C04F79EFBC}") = "Scheduling.Infrastructure", "src\Modules\Scheduling\Scheduling.Infrastructure\Scheduling.Infrastructure.csproj", "{99DC8CE2-02FA-4179-8A6A-8CDF79F0B7A1}"
EndProject
Project("{FAE04EC0-301F-11D3-BF4B-00C04F79EFBC}") = "Scheduling.Presentation", "src\Modules\Scheduling\Scheduling.Presentation\Scheduling.Presentation.csproj", "{F9350915-3CCD-4E20-94F6-B5F56866A7B4}"
EndProject
Project("{2150E333-8FDC-42A3-9474-1A3956D46DE8}") = "Billing", "Billing", "{61DCC6D7-ECE4-129F-6A42-39B2DD414C68}"
EndProject
Project("{FAE04EC0-301F-11D3-BF4B-00C04F79EFBC}") = "Billing.Domain", "src\Modules\Billing\Billing.Domain\Billing.Domain.csproj", "{8298D0FE-C6BB-42B2-8983-80859B9DC541}"
EndProject
Project("{FAE04EC0-301F-11D3-BF4B-00C04F79EFBC}") = "Billing.Application", "src\Modules\Billing\Billing.Application\Billing.Application.csproj", "{D1BE5614-C509-46DF-92AE-86380DB879F8}"
EndProject
Project("{FAE04EC0-301F-11D3-BF4B-00C04F79EFBC}") = "Billing.Infrastructure", "src\Modules\Billing\Billing.Infrastructure\Billing.Infrastructure.csproj", "{CC8283B4-F80B-4E7A-82C5-B84DE096E552}"
EndProject
Project("{FAE04EC0-301F-11D3-BF4B-00C04F79EFBC}") = "Billing.Presentation", "src\Modules\Billing\Billing.Presentation\Billing.Presentation.csproj", "{2D8C5204-15C4-40AF-8D79-17C7D50899A6}"
EndProject
Global
	GlobalSection(SolutionConfigurationPlatforms) = preSolution
		Debug|Any CPU = Debug|Any CPU
		Debug|x64 = Debug|x64
		Debug|x86 = Debug|x86
		Release|Any CPU = Release|Any CPU
		Release|x64 = Release|x64
		Release|x86 = Release|x86
	EndGlobalSection
	GlobalSection(ProjectConfigurationPlatforms) = postSolution
		{1C8BEDC6-C230-40BA-B1E8-F0D94C455D3E}.Debug|Any CPU.ActiveCfg = Debug|Any CPU
		{1C8BEDC6-C230-40BA-B1E8-F0D94C455D3E}.Debug|Any CPU.Build.0 = Debug|Any CPU
		{1C8BEDC6-C230-40BA-B1E8-F0D94C455D3E}.Debug|x64.ActiveCfg = Debug|Any CPU
		{1C8BEDC6-C230-40BA-B1E8-F0D94C455D3E}.Debug|x64.Build.0 = Debug|Any CPU
		{1C8BEDC6-C230-40BA-B1E8-F0D94C455D3E}.Debug|x86.ActiveCfg = Debug|Any CPU
		{1C8BEDC6-C230-40BA-B1E8-F0D94C455D3E}.Debug|x86.Build.0 = Debug|Any CPU
		{1C8BEDC6-C230-40BA-B1E8-F0D94C455D3E}.Release|Any CPU.ActiveCfg = Release|Any CPU
		{1C8BEDC6-C230-40BA-B1E8-F0D94C455D3E}.Release|Any CPU.Build.0 = Release|Any CPU
		{1C8BEDC6-C230-40BA-B1E8-F0D94C455D3E}.Release|x64.ActiveCfg = Release|Any CPU
		{1C8BEDC6-C230-40BA-B1E8-F0D94C455D3E}.Release|x64.Build.0 = Release|Any CPU
		{1C8BEDC6-C230-40BA-B1E8-F0D94C455D3E}.Release|x86.ActiveCfg = Release|Any CPU
		{1C8BEDC6-C230-40BA-B1E8-F0D94C455D3E}.Release|x86.Build.0 = Release|Any CPU
		{B545A6C4-641B-4C42-8CFF-CCC0AF2C89A3}.Debug|Any CPU.ActiveCfg = Debug|Any CPU
		{B545A6C4-641B-4C42-8CFF-CCC0AF2C89A3}.Debug|Any CPU.Build.0 = Debug|Any CPU
		{B545A6C4-641B-4C42-8CFF-CCC0AF2C89A3}.Debug|x64.ActiveCfg = Debug|Any CPU
		{B545A6C4-641B-4C42-8CFF-CCC0AF2C89A3}.Debug|x64.Build.0 = Debug|Any CPU
		{B545A6C4-641B-4C42-8CFF-CCC0AF2C89A3}.Debug|x86.ActiveCfg = Debug|Any CPU
		{B545A6C4-641B-4C42-8CFF-CCC0AF2C89A3}.Debug|x86.Build.0 = Debug|Any CPU
		{B545A6C4-641B-4C42-8CFF-CCC0AF2C89A3}.Release|Any CPU.ActiveCfg = Release|Any CPU
		{B545A6C4-641B-4C42-8CFF-CCC0AF2C89A3}.Release|Any CPU.Build.0 = Release|Any CPU
		{B545A6C4-641B-4C42-8CFF-CCC0AF2C89A3}.Release|x64.ActiveCfg = Release|Any CPU
		{B545A6C4-641B-4C42-8CFF-CCC0AF2C89A3}.Release|x64.Build.0 = Release|Any CPU
		{B545A6C4-641B-4C42-8CFF-CCC0AF2C89A3}.Release|x86.ActiveCfg = Release|Any CPU
		{B545A6C4-641B-4C42-8CFF-CCC0AF2C89A3}.Release|x86.Build.0 = Release|Any CPU
		{F4A538AC-D1C9-49A1-BA9D-B08FB82DEF72}.Debug|Any CPU.ActiveCfg = Debug|Any CPU
		{F4A538AC-D1C9-49A1-BA9D-B08FB82DEF72}.Debug|Any CPU.Build.0 = Debug|Any CPU
		{F4A538AC-D1C9-49A1-BA9D-B08FB82DEF72}.Debug|x64.ActiveCfg = Debug|Any CPU
		{F4A538AC-D1C9-49A1-BA9D-B08FB82DEF72}.Debug|x64.Build.0 = Debug|Any CPU
		{F4A538AC-D1C9-49A1-BA9D-B08FB82DEF72}.Debug|x86.ActiveCfg = Debug|Any CPU
		{F4A538AC-D1C9-49A1-BA9D-B08FB82DEF72}.Debug|x86.Build.0 = Debug|Any CPU
		{F4A538AC-D1C9-49A1-BA9D-B08FB82DEF72}.Release|Any CPU.ActiveCfg = Release|Any CPU
		{F4A538AC-D1C9-49A1-BA9D-B08FB82DEF72}.Release|Any CPU.Build.0 = Release|Any CPU
		{F4A538AC-D1C9-49A1-BA9D-B08FB82DEF72}.Release|x64.ActiveCfg = Release|Any CPU
		{F4A538AC-D1C9-49A1-BA9D-B08FB82DEF72}.Release|x64.Build.0 = Release|Any CPU
		{F4A538AC-D1C9-49A1-BA9D-B08FB82DEF72}.Release|x86.ActiveCfg = Release|Any CPU
		{F4A538AC-D1C9-49A1-BA9D-B08FB82DEF72}.Release|x86.Build.0 = Release|Any CPU
		{449199AC-0EBB-40D2-A1C1-21E73568E29E}.Debug|Any CPU.ActiveCfg = Debug|Any CPU
		{449199AC-0EBB-40D2-A1C1-21E73568E29E}.Debug|Any CPU.Build.0 = Debug|Any CPU
		{449199AC-0EBB-40D2-A1C1-21E73568E29E}.Debug|x64.ActiveCfg = Debug|Any CPU
		{449199AC-0EBB-40D2-A1C1-21E73568E29E}.Debug|x64.Build.0 = Debug|Any CPU
		{449199AC-0EBB-40D2-A1C1-21E73568E29E}.Debug|x86.ActiveCfg = Debug|Any CPU
		{449199AC-0EBB-40D2-A1C1-21E73568E29E}.Debug|x86.Build.0 = Debug|Any CPU
		{449199AC-0EBB-40D2-A1C1-21E73568E29E}.Release|Any CPU.ActiveCfg = Release|Any CPU
		{449199AC-0EBB-40D2-A1C1-21E73568E29E}.Release|Any CPU.Build.0 = Release|Any CPU
		{449199AC-0EBB-40D2-A1C1-21E73568E29E}.Release|x64.ActiveCfg = Release|Any CPU
		{449199AC-0EBB-40D2-A1C1-21E73568E29E}.Release|x64.Build.0 = Release|Any CPU
		{449199AC-0EBB-40D2-A1C1-21E73568E29E}.Release|x86.ActiveCfg = Release|Any CPU
		{449199AC-0EBB-40D2-A1C1-21E73568E29E}.Release|x86.Build.0 = Release|Any CPU
		{4594292F-5BC5-4973-AB21-0CFE4CF15B22}.Debug|Any CPU.ActiveCfg = Debug|Any CPU
		{4594292F-5BC5-4973-AB21-0CFE4CF15B22}.Debug|Any CPU.Build.0 = Debug|Any CPU
		{4594292F-5BC5-4973-AB21-0CFE4CF15B22}.Debug|x64.ActiveCfg = Debug|Any CPU
		{4594292F-5BC5-4973-AB21-0CFE4CF15B22}.Debug|x64.Build.0 = Debug|Any CPU
		{4594292F-5BC5-4973-AB21-0CFE4CF15B22}.Debug|x86.ActiveCfg = Debug|Any CPU
		{4594292F-5BC5-4973-AB21-0CFE4CF15B22}.Debug|x86.Build.0 = Debug|Any CPU
		{4594292F-5BC5-4973-AB21-0CFE4CF15B22}.Release|Any CPU.ActiveCfg = Release|Any CPU
		{4594292F-5BC5-4973-AB21-0CFE4CF15B22}.Release|Any CPU.Build.0 = Release|Any CPU
		{4594292F-5BC5-4973-AB21-0CFE4CF15B22}.Release|x64.ActiveCfg = Release|Any CPU
		{4594292F-5BC5-4973-AB21-0CFE4CF15B22}.Release|x64.Build.0 = Release|Any CPU
		{4594292F-5BC5-4973-AB21-0CFE4CF15B22}.Release|x86.ActiveCfg = Release|Any CPU
		{4594292F-5BC5-4973-AB21-0CFE4CF15B22}.Release|x86.Build.0 = Release|Any CPU
		{0AB18E65-DEAD-4DC8-B658-28DF669E3F91}.Debug|Any CPU.ActiveCfg = Debug|Any CPU
		{0AB18E65-DEAD-4DC8-B658-28DF669E3F91}.Debug|Any CPU.Build.0 = Debug|Any CPU
		{0AB18E65-DEAD-4DC8-B658-28DF669E3F91}.Debug|x64.ActiveCfg = Debug|Any CPU
		{0AB18E65-DEAD-4DC8-B658-28DF669E3F91}.Debug|x64.Build.0 = Debug|Any CPU
		{0AB18E65-DEAD-4DC8-B658-28DF669E3F91}.Debug|x86.ActiveCfg = Debug|Any CPU
		{0AB18E65-DEAD-4DC8-B658-28DF669E3F91}.Debug|x86.Build.0 = Debug|Any CPU
		{0AB18E65-DEAD-4DC8-B658-28DF669E3F91}.Release|Any CPU.ActiveCfg = Release|Any CPU
		{0AB18E65-DEAD-4DC8-B658-28DF669E3F91}.Release|Any CPU.Build.0 = Release|Any CPU
		{0AB18E65-DEAD-4DC8-B658-28DF669E3F91}.Release|x64.ActiveCfg = Release|Any CPU
		{0AB18E65-DEAD-4DC8-B658-28DF669E3F91}.Release|x64.Build.0 = Release|Any CPU
		{0AB18E65-DEAD-4DC8-B658-28DF669E3F91}.Release|x86.ActiveCfg = Release|Any CPU
		{0AB18E65-DEAD-4DC8-B658-28DF669E3F91}.Release|x86.Build.0 = Release|Any CPU
		{CE955FD1-B138-41BC-9EF1-C20F24EA9C31}.Debug|Any CPU.ActiveCfg = Debug|Any CPU
		{CE955FD1-B138-41BC-9EF1-C20F24EA9C31}.Debug|Any CPU.Build.0 = Debug|Any CPU
		{CE955FD1-B138-41BC-9EF1-C20F24EA9C31}.Debug|x64.ActiveCfg = Debug|Any CPU
		{CE955FD1-B138-41BC-9EF1-C20F24EA9C31}.Debug|x64.Build.0 = Debug|Any CPU
		{CE955FD1-B138-41BC-9EF1-C20F24EA9C31}.Debug|x86.ActiveCfg = Debug|Any CPU
		{CE955FD1-B138-41BC-9EF1-C20F24EA9C31}.Debug|x86.Build.0 = Debug|Any CPU
		{CE955FD1-B138-41BC-9EF1-C20F24EA9C31}.Release|Any CPU.ActiveCfg = Release|Any CPU
		{CE955FD1-B138-41BC-9EF1-C20F24EA9C31}.Release|Any CPU.Build.0 = Release|Any CPU
		{CE955FD1-B138-41BC-9EF1-C20F24EA9C31}.Release|x64.ActiveCfg = Release|Any CPU
		{CE955FD1-B138-41BC-9EF1-C20F24EA9C31}.Release|x64.Build.0 = Release|Any CPU
		{CE955FD1-B138-41BC-9EF1-C20F24EA9C31}.Release|x86.ActiveCfg = Release|Any CPU
		{CE955FD1-B138-41BC-9EF1-C20F24EA9C31}.Release|x86.Build.0 = Release|Any CPU
		{D0CB0B39-4975-4A75-8BD5-3DF773EB8C7C}.Debug|Any CPU.ActiveCfg = Debug|Any CPU
		{D0CB0B39-4975-4A75-8BD5-3DF773EB8C7C}.Debug|Any CPU.Build.0 = Debug|Any CPU
		{D0CB0B39-4975-4A75-8BD5-3DF773EB8C7C}.Debug|x64.ActiveCfg = Debug|Any CPU
		{D0CB0B39-4975-4A75-8BD5-3DF773EB8C7C}.Debug|x64.Build.0 = Debug|Any CPU
		{D0CB0B39-4975-4A75-8BD5-3DF773EB8C7C}.Debug|x86.ActiveCfg = Debug|Any CPU
		{D0CB0B39-4975-4A75-8BD5-3DF773EB8C7C}.Debug|x86.Build.0 = Debug|Any CPU
		{D0CB0B39-4975-4A75-8BD5-3DF773EB8C7C}.Release|Any CPU.ActiveCfg = Release|Any CPU
		{D0CB0B39-4975-4A75-8BD5-3DF773EB8C7C}.Release|Any CPU.Build.0 = Release|Any CPU
		{D0CB0B39-4975-4A75-8BD5-3DF773EB8C7C}.Release|x64.ActiveCfg = Release|Any CPU
		{D0CB0B39-4975-4A75-8BD5-3DF773EB8C7C}.Release|x64.Build.0 = Release|Any CPU
		{D0CB0B39-4975-4A75-8BD5-3DF773EB8C7C}.Release|x86.ActiveCfg = Release|Any CPU
		{D0CB0B39-4975-4A75-8BD5-3DF773EB8C7C}.Release|x86.Build.0 = Release|Any CPU
		{E09E5073-B2BE-4149-B390-828FEA8727D9}.Debug|Any CPU.ActiveCfg = Debug|Any CPU
		{E09E5073-B2BE-4149-B390-828FEA8727D9}.Debug|Any CPU.Build.0 = Debug|Any CPU
		{E09E5073-B2BE-4149-B390-828FEA8727D9}.Debug|x64.ActiveCfg = Debug|Any CPU
		{E09E5073-B2BE-4149-B390-828FEA8727D9}.Debug|x64.Build.0 = Debug|Any CPU
		{E09E5073-B2BE-4149-B390-828FEA8727D9}.Debug|x86.ActiveCfg = Debug|Any CPU
		{E09E5073-B2BE-4149-B390-828FEA8727D9}.Debug|x86.Build.0 = Debug|Any CPU
		{E09E5073-B2BE-4149-B390-828FEA8727D9}.Release|Any CPU.ActiveCfg = Release|Any CPU
		{E09E5073-B2BE-4149-B390-828FEA8727D9}.Release|Any CPU.Build.0 = Release|Any CPU
		{E09E5073-B2BE-4149-B390-828FEA8727D9}.Release|x64.ActiveCfg = Release|Any CPU
		{E09E5073-B2BE-4149-B390-828FEA8727D9}.Release|x64.Build.0 = Release|Any CPU
		{E09E5073-B2BE-4149-B390-828FEA8727D9}.Release|x86.ActiveCfg = Release|Any CPU
		{E09E5073-B2BE-4149-B390-828FEA8727D9}.Release|x86.Build.0 = Release|Any CPU
		{99DC8CE2-02FA-4179-8A6A-8CDF79F0B7A1}.Debug|Any CPU.ActiveCfg = Debug|Any CPU
		{99DC8CE2-02FA-4179-8A6A-8CDF79F0B7A1}.Debug|Any CPU.Build.0 = Debug|Any CPU
		{99DC8CE2-02FA-4179-8A6A-8CDF79F0B7A1}.Debug|x64.ActiveCfg = Debug|Any CPU
		{99DC8CE2-02FA-4179-8A6A-8CDF79F0B7A1}.Debug|x64.Build.0 = Debug|Any CPU
		{99DC8CE2-02FA-4179-8A6A-8CDF79F0B7A1}.Debug|x86.ActiveCfg = Debug|Any CPU
		{99DC8CE2-02FA-4179-8A6A-8CDF79F0B7A1}.Debug|x86.Build.0 = Debug|Any CPU
		{99DC8CE2-02FA-4179-8A6A-8CDF79F0B7A1}.Release|Any CPU.ActiveCfg = Release|Any CPU
		{99DC8CE2-02FA-4179-8A6A-8CDF79F0B7A1}.Release|Any CPU.Build.0 = Release|Any CPU
		{99DC8CE2-02FA-4179-8A6A-8CDF79F0B7A1}.Release|x64.ActiveCfg = Release|Any CPU
		{99DC8CE2-02FA-4179-8A6A-8CDF79F0B7A1}.Release|x64.Build.0 = Release|Any CPU
		{99DC8CE2-02FA-4179-8A6A-8CDF79F0B7A1}.Release|x86.ActiveCfg = Release|Any CPU
		{99DC8CE2-02FA-4179-8A6A-8CDF79F0B7A1}.Release|x86.Build.0 = Release|Any CPU
		{F9350915-3CCD-4E20-94F6-B5F56866A7B4}.Debug|Any CPU.ActiveCfg = Debug|Any CPU
		{F9350915-3CCD-4E20-94F6-B5F56866A7B4}.Debug|Any CPU.Build.0 = Debug|Any CPU
		{F9350915-3CCD-4E20-94F6-B5F56866A7B4}.Debug|x64.ActiveCfg = Debug|Any CPU
		{F9350915-3CCD-4E20-94F6-B5F56866A7B4}.Debug|x64.Build.0 = Debug|Any CPU
		{F9350915-3CCD-4E20-94F6-B5F56866A7B4}.Debug|x86.ActiveCfg = Debug|Any CPU
		{F9350915-3CCD-4E20-94F6-B5F56866A7B4}.Debug|x86.Build.0 = Debug|Any CPU
		{F9350915-3CCD-4E20-94F6-B5F56866A7B4}.Release|Any CPU.ActiveCfg = Release|Any CPU
		{F9350915-3CCD-4E20-94F6-B5F56866A7B4}.Release|Any CPU.Build.0 = Release|Any CPU
		{F9350915-3CCD-4E20-94F6-B5F56866A7B4}.Release|x64.ActiveCfg = Release|Any CPU
		{F9350915-3CCD-4E20-94F6-B5F56866A7B4}.Release|x64.Build.0 = Release|Any CPU
		{F9350915-3CCD-4E20-94F6-B5F56866A7B4}.Release|x86.ActiveCfg = Release|Any CPU
		{F9350915-3CCD-4E20-94F6-B5F56866A7B4}.Release|x86.Build.0 = Release|Any CPU
		{8298D0FE-C6BB-42B2-8983-80859B9DC541}.Debug|Any CPU.ActiveCfg = Debug|Any CPU
		{8298D0FE-C6BB-42B2-8983-80859B9DC541}.Debug|Any CPU.Build.0 = Debug|Any CPU
		{8298D0FE-C6BB-42B2-8983-80859B9DC541}.Debug|x64.ActiveCfg = Debug|Any CPU
		{8298D0FE-C6BB-42B2-8983-80859B9DC541}.Debug|x64.Build.0 = Debug|Any CPU
		{8298D0FE-C6BB-42B2-8983-80859B9DC541}.Debug|x86.ActiveCfg = Debug|Any CPU
		{8298D0FE-C6BB-42B2-8983-80859B9DC541}.Debug|x86.Build.0 = Debug|Any CPU
		{8298D0FE-C6BB-42B2-8983-80859B9DC541}.Release|Any CPU.ActiveCfg = Release|Any CPU
		{8298D0FE-C6BB-42B2-8983-80859B9DC541}.Release|Any CPU.Build.0 = Release|Any CPU
		{8298D0FE-C6BB-42B2-8983-80859B9DC541}.Release|x64.ActiveCfg = Release|Any CPU
		{8298D0FE-C6BB-42B2-8983-80859B9DC541}.Release|x64.Build.0 = Release|Any CPU
		{8298D0FE-C6BB-42B2-8983-80859B9DC541}.Release|x86.ActiveCfg = Release|Any CPU
		{8298D0FE-C6BB-42B2-8983-80859B9DC541}.Release|x86.Build.0 = Release|Any CPU
		{D1BE5614-C509-46DF-92AE-86380DB879F8}.Debug|Any CPU.ActiveCfg = Debug|Any CPU
		{D1BE5614-C509-46DF-92AE-86380DB879F8}.Debug|Any CPU.Build.0 = Debug|Any CPU
		{D1BE5614-C509-46DF-92AE-86380DB879F8}.Debug|x64.ActiveCfg = Debug|Any CPU
		{D1BE5614-C509-46DF-92AE-86380DB879F8}.Debug|x64.Build.0 = Debug|Any CPU
		{D1BE5614-C509-46DF-92AE-86380DB879F8}.Debug|x86.ActiveCfg = Debug|Any CPU
		{D1BE5614-C509-46DF-92AE-86380DB879F8}.Debug|x86.Build.0 = Debug|Any CPU
		{D1BE5614-C509-46DF-92AE-86380DB879F8}.Release|Any CPU.ActiveCfg = Release|Any CPU
		{D1BE5614-C509-46DF-92AE-86380DB879F8}.Release|Any CPU.Build.0 = Release|Any CPU
		{D1BE5614-C509-46DF-92AE-86380DB879F8}.Release|x64.ActiveCfg = Release|Any CPU
		{D1BE5614-C509-46DF-92AE-86380DB879F8}.Release|x64.Build.0 = Release|Any CPU
		{D1BE5614-C509-46DF-92AE-86380DB879F8}.Release|x86.ActiveCfg = Release|Any CPU
		{D1BE5614-C509-46DF-92AE-86380DB879F8}.Release|x86.Build.0 = Release|Any CPU
		{CC8283B4-F80B-4E7A-82C5-B84DE096E552}.Debug|Any CPU.ActiveCfg = Debug|Any CPU
		{CC8283B4-F80B-4E7A-82C5-B84DE096E552}.Debug|Any CPU.Build.0 = Debug|Any CPU
		{CC8283B4-F80B-4E7A-82C5-B84DE096E552}.Debug|x64.ActiveCfg = Debug|Any CPU
		{CC8283B4-F80B-4E7A-82C5-B84DE096E552}.Debug|x64.Build.0 = Debug|Any CPU
		{CC8283B4-F80B-4E7A-82C5-B84DE096E552}.Debug|x86.ActiveCfg = Debug|Any CPU
		{CC8283B4-F80B-4E7A-82C5-B84DE096E552}.Debug|x86.Build.0 = Debug|Any CPU
		{CC8283B4-F80B-4E7A-82C5-B84DE096E552}.Release|Any CPU.ActiveCfg = Release|Any CPU
		{CC8283B4-F80B-4E7A-82C5-B84DE096E552}.Release|Any CPU.Build.0 = Release|Any CPU
		{CC8283B4-F80B-4E7A-82C5-B84DE096E552}.Release|x64.ActiveCfg = Release|Any CPU
		{CC8283B4-F80B-4E7A-82C5-B84DE096E552}.Release|x64.Build.0 = Release|Any CPU
		{CC8283B4-F80B-4E7A-82C5-B84DE096E552}.Release|x86.ActiveCfg = Release|Any CPU
		{CC8283B4-F80B-4E7A-82C5-B84DE096E552}.Release|x86.Build.0 = Release|Any CPU
		{2D8C5204-15C4-40AF-8D79-17C7D50899A6}.Debug|Any CPU.ActiveCfg = Debug|Any CPU
		{2D8C5204-15C4-40AF-8D79-17C7D50899A6}.Debug|Any CPU.Build.0 = Debug|Any CPU
		{2D8C5204-15C4-40AF-8D79-17C7D50899A6}.Debug|x64.ActiveCfg = Debug|Any CPU
		{2D8C5204-15C4-40AF-8D79-17C7D50899A6}.Debug|x64.Build.0 = Debug|Any CPU
		{2D8C5204-15C4-40AF-8D79-17C7D50899A6}.Debug|x86.ActiveCfg = Debug|Any CPU
		{2D8C5204-15C4-40AF-8D79-17C7D50899A6}.Debug|x86.Build.0 = Debug|Any CPU
		{2D8C5204-15C4-40AF-8D79-17C7D50899A6}.Release|Any CPU.ActiveCfg = Release|Any CPU
		{2D8C5204-15C4-40AF-8D79-17C7D50899A6}.Release|Any CPU.Build.0 = Release|Any CPU
		{2D8C5204-15C4-40AF-8D79-17C7D50899A6}.Release|x64.ActiveCfg = Release|Any CPU
		{2D8C5204-15C4-40AF-8D79-17C7D50899A6}.Release|x64.Build.0 = Release|Any CPU
		{2D8C5204-15C4-40AF-8D79-17C7D50899A6}.Release|x86.ActiveCfg = Release|Any CPU
		{2D8C5204-15C4-40AF-8D79-17C7D50899A6}.Release|x86.Build.0 = Release|Any CPU
	EndGlobalSection
	GlobalSection(SolutionProperties) = preSolution
		HideSolutionNode = FALSE
	EndGlobalSection
	GlobalSection(NestedProjects) = preSolution
		{C8E42992-5E42-0C2B-DBFE-AA848D06431C} = {827E0CD3-B72D-47B6-A68D-7590B98EB39B}
		{1C8BEDC6-C230-40BA-B1E8-F0D94C455D3E} = {C8E42992-5E42-0C2B-DBFE-AA848D06431C}
		{B545A6C4-641B-4C42-8CFF-CCC0AF2C89A3} = {C8E42992-5E42-0C2B-DBFE-AA848D06431C}
		{12A084A0-B93E-423A-6F6B-2DD437B5DD75} = {827E0CD3-B72D-47B6-A68D-7590B98EB39B}
		{F4A538AC-D1C9-49A1-BA9D-B08FB82DEF72} = {12A084A0-B93E-423A-6F6B-2DD437B5DD75}
		{EC447DCF-ABFA-6E24-52A5-D7FD48A5C558} = {827E0CD3-B72D-47B6-A68D-7590B98EB39B}
		{397E7A55-D285-C515-153E-84DDD2B9FF92} = {EC447DCF-ABFA-6E24-52A5-D7FD48A5C558}
		{449199AC-0EBB-40D2-A1C1-21E73568E29E} = {397E7A55-D285-C515-153E-84DDD2B9FF92}
		{4594292F-5BC5-4973-AB21-0CFE4CF15B22} = {397E7A55-D285-C515-153E-84DDD2B9FF92}
		{0AB18E65-DEAD-4DC8-B658-28DF669E3F91} = {397E7A55-D285-C515-153E-84DDD2B9FF92}
		{CE955FD1-B138-41BC-9EF1-C20F24EA9C31} = {397E7A55-D285-C515-153E-84DDD2B9FF92}
		{F0F0C51C-F6A5-8ED5-E07B-23BB77F4B418} = {EC447DCF-ABFA-6E24-52A5-D7FD48A5C558}
		{D0CB0B39-4975-4A75-8BD5-3DF773EB8C7C} = {F0F0C51C-F6A5-8ED5-E07B-23BB77F4B418}
		{E09E5073-B2BE-4149-B390-828FEA8727D9} = {F0F0C51C-F6A5-8ED5-E07B-23BB77F4B418}
		{99DC8CE2-02FA-4179-8A6A-8CDF79F0B7A1} = {F0F0C51C-F6A5-8ED5-E07B-23BB77F4B418}
		{F9350915-3CCD-4E20-94F6-B5F56866A7B4} = {F0F0C51C-F6A5-8ED5-E07B-23BB77F4B418}
		{61DCC6D7-ECE4-129F-6A42-39B2DD414C68} = {EC447DCF-ABFA-6E24-52A5-D7FD48A5C558}
		{8298D0FE-C6BB-42B2-8983-80859B9DC541} = {61DCC6D7-ECE4-129F-6A42-39B2DD414C68}
		{D1BE5614-C509-46DF-92AE-86380DB879F8} = {61DCC6D7-ECE4-129F-6A42-39B2DD414C68}
		{CC8283B4-F80B-4E7A-82C5-B84DE096E552} = {61DCC6D7-ECE4-129F-6A42-39B2DD414C68}
		{2D8C5204-15C4-40AF-8D79-17C7D50899A6} = {61DCC6D7-ECE4-129F-6A42-39B2DD414C68}
	EndGlobalSection
EndGlobal
